// !$*UTF8*$!
{
	archiveVersion = 1;
	classes = {
	};
	objectVersion = 46;
	objects = {

/* Begin PBXBuildFile section */
		BCA2859F1D225286006344D4 /* main.m in Sources */ = {isa = PBXBuildFile; fileRef = BCA2859E1D225286006344D4 /* main.m */; };
		BCA285A21D225286006344D4 /* AppDelegate.m in Sources */ = {isa = PBXBuildFile; fileRef = BCA285A11D225286006344D4 /* AppDelegate.m */; };
		BCA285A51D225286006344D4 /* ViewController.m in Sources */ = {isa = PBXBuildFile; fileRef = BCA285A41D225286006344D4 /* ViewController.m */; };
		BCA285A81D225286006344D4 /* Main.storyboard in Resources */ = {isa = PBXBuildFile; fileRef = BCA285A61D225286006344D4 /* Main.storyboard */; };
		BCA285AA1D225287006344D4 /* Assets.xcassets in Resources */ = {isa = PBXBuildFile; fileRef = BCA285A91D225287006344D4 /* Assets.xcassets */; };
		BCA285AD1D225287006344D4 /* LaunchScreen.storyboard in Resources */ = {isa = PBXBuildFile; fileRef = BCA285AB1D225287006344D4 /* LaunchScreen.storyboard */; };
		BCA285B51D2252E8006344D4 /* MapKit.framework in Frameworks */ = {isa = PBXBuildFile; fileRef = BCA285B41D2252E8006344D4 /* MapKit.framework */; };
/* End PBXBuildFile section */

/* Begin PBXFileReference section */
		BCA2859A1D225286006344D4 /* NewMap.app */ = {isa = PBXFileReference; explicitFileType = wrapper.application; includeInIndex = 0; path = NewMap.app; sourceTree = BUILT_PRODUCTS_DIR; };
		BCA2859E1D225286006344D4 /* main.m */ = {isa = PBXFileReference; lastKnownFileType = sourcecode.c.objc; path = main.m; sourceTree = "<group>"; };
		BCA285A01D225286006344D4 /* AppDelegate.h */ = {isa = PBXFileReference; lastKnownFileType = sourcecode.c.h; path = AppDelegate.h; sourceTree = "<group>"; };
		BCA285A11D225286006344D4 /* AppDelegate.m */ = {isa = PBXFileReference; lastKnownFileType = sourcecode.c.objc; path = AppDelegate.m; sourceTree = "<group>"; };
		BCA285A31D225286006344D4 /* ViewController.h */ = {isa = PBXFileReference; lastKnownFileType = sourcecode.c.h; path = ViewController.h; sourceTree = "<group>"; };
		BCA285A41D225286006344D4 /* ViewController.m */ = {isa = PBXFileReference; lastKnownFileType = sourcecode.c.objc; path = ViewController.m; sourceTree = "<group>"; };
		BCA285A71D225286006344D4 /* Base */ = {isa = PBXFileReference; lastKnownFileType = file.storyboard; name = Base; path = Base.lproj/Main.storyboard; sourceTree = "<group>"; };
		BCA285A91D225287006344D4 /* Assets.xcassets */ = {isa = PBXFileReference; lastKnownFileType = folder.assetcatalog; path = Assets.xcassets; sourceTree = "<group>"; };
		BCA285AC1D225287006344D4 /* Base */ = {isa = PBXFileReference; lastKnownFileType = file.storyboard; name = Base; path = Base.lproj/LaunchScreen.storyboard; sourceTree = "<group>"; };
		BCA285AE1D225287006344D4 /* Info.plist */ = {isa = PBXFileReference; lastKnownFileType = text.plist.xml; path = Info.plist; sourceTree = "<group>"; };
		BCA285B41D2252E8006344D4 /* MapKit.framework */ = {isa = PBXFileReference; lastKnownFileType = wrapper.framework; name = MapKit.framework; path = System/Library/Frameworks/MapKit.framework; sourceTree = SDKROOT; };
/* End PBXFileReference section */

/* Begin PBXFrameworksBuildPhase section */
		BCA285971D225286006344D4 /* Frameworks */ = {
			isa = PBXFrameworksBuildPhase;
			buildActionMask = 2147483647;
			files = (
				BCA285B51D2252E8006344D4 /* MapKit.framework in Frameworks */,
			);
			runOnlyForDeploymentPostprocessing = 0;
		};
/* End PBXFrameworksBuildPhase section */

/* Begin PBXGroup section */
		BCA285911D225286006344D4 = {
			isa = PBXGroup;
			children = (
				BCA285B41D2252E8006344D4 /* MapKit.framework */,
				BCA2859C1D225286006344D4 /* NewMap */,
				BCA2859B1D225286006344D4 /* Products */,
			);
			sourceTree = "<group>";
		};
		BCA2859B1D225286006344D4 /* Products */ = {
			isa = PBXGroup;
			children = (
				BCA2859A1D225286006344D4 /* NewMap.app */,
			);
			name = Products;
			sourceTree = "<group>";
		};
		BCA2859C1D225286006344D4 /* NewMap */ = {
			isa = PBXGroup;
			children = (
				BCA285A01D225286006344D4 /* AppDelegate.h */,
				BCA285A11D225286006344D4 /* AppDelegate.m */,
				BCA285A31D225286006344D4 /* ViewController.h */,
				BCA285A41D225286006344D4 /* ViewController.m */,
				BCA285A61D225286006344D4 /* Main.storyboard */,
				BCA285A91D225287006344D4 /* Assets.xcassets */,
				BCA285AB1D225287006344D4 /* LaunchScreen.storyboard */,
				BCA285AE1D225287006344D4 /* Info.plist */,
				BCA2859D1D225286006344D4 /* Supporting Files */,
			);
			path = NewMap;
			sourceTree = "<group>";
		};
		BCA2859D1D225286006344D4 /* Supporting Files */ = {
			isa = PBXGroup;
			children = (
				BCA2859E1D225286006344D4 /* main.m */,
			);
			name = "Supporting Files";
			sourceTree = "<group>";
		};
/* End PBXGroup section */

/* Begin PBXNativeTarget section */
		BCA285991D225286006344D4 /* NewMap */ = {
			isa = PBXNativeTarget;
			buildConfigurationList = BCA285B11D225287006344D4 /* Build configuration list for PBXNativeTarget "NewMap" */;
			buildPhases = (
				BCA285961D225286006344D4 /* Sources */,
				BCA285971D225286006344D4 /* Frameworks */,
				BCA285981D225286006344D4 /* Resources */,
			);
			buildRules = (
			);
			dependencies = (
			);
			name = NewMap;
			productName = NewMap;
			productReference = BCA2859A1D225286006344D4 /* NewMap.app */;
			productType = "com.apple.product-type.application";
		};
/* End PBXNativeTarget section */

/* Begin PBXProject section */
		BCA285921D225286006344D4 /* Project object */ = {
			isa = PBXProject;
			attributes = {
				LastUpgradeCheck = 0730;
				ORGANIZATIONNAME = xikang;
				TargetAttributes = {
					BCA285991D225286006344D4 = {
						CreatedOnToolsVersion = 7.3.1;
					};
				};
			};
			buildConfigurationList = BCA285951D225286006344D4 /* Build configuration list for PBXProject "NewMap" */;
			compatibilityVersion = "Xcode 3.2";
			developmentRegion = English;
			hasScannedForEncodings = 0;
			knownRegions = (
				en,
				Base,
			);
			mainGroup = BCA285911D225286006344D4;
			productRefGroup = BCA2859B1D225286006344D4 /* Products */;
			projectDirPath = "";
			projectRoot = "";
			targets = (
				BCA285991D225286006344D4 /* NewMap */,
			);
		};
/* End PBXProject section */

/* Begin PBXResourcesBuildPhase section */
		BCA285981D225286006344D4 /* Resources */ = {
			isa = PBXResourcesBuildPhase;
			buildActionMask = 2147483647;
			files = (
				BCA285AD1D225287006344D4 /* LaunchScreen.storyboard in Resources */,
				BCA285AA1D225287006344D4 /* Assets.xcassets in Resources */,
				BCA285A81D225286006344D4 /* Main.storyboard in Resources */,
			);
			runOnlyForDeploymentPostprocessing = 0;
		};
/* End PBXResourcesBuildPhase section */

/* Begin PBXSourcesBuildPhase section */
		BCA285961D225286006344D4 /* Sources */ = {
			isa = PBXSourcesBuildPhase;
			buildActionMask = 2147483647;
			files = (
				BCA285A51D225286006344D4 /* ViewController.m in Sources */,
				BCA285A21D225286006344D4 /* AppDelegate.m in Sources */,
				BCA2859F1D225286006344D4 /* main.m in Sources */,
			);
			runOnlyForDeploymentPostprocessing = 0;
		};
/* End PBXSourcesBuildPhase section */

/* Begin PBXVariantGroup section */
		BCA285A61D225286006344D4 /* Main.storyboard */ = {
			isa = PBXVariantGroup;
			children = (
				BCA285A71D225286006344D4 /* Base */,
			);
			name = Main.storyboard;
			sourceTree = "<group>";
		};
		BCA285AB1D225287006344D4 /* LaunchScreen.storyboard */ = {
			isa = PBXVariantGroup;
			children = (
				BCA285AC1D225287006344D4 /* Base */,
			);
			name = LaunchScreen.storyboard;
			sourceTree = "<group>";
		};
/* End PBXVariantGroup section */

/* Begin XCBuildConfiguration section */
		BCA285AF1D225287006344D4 /* Debug */ = {
			isa = XCBuildConfiguration;
			buildSettings = {
				ALWAYS_SEARCH_USER_PATHS = NO;
				CLANG_ANALYZER_NONNULL = YES;
				CLANG_CXX_LANGUAGE_STANDARD = "gnu++0x";
				CLANG_CXX_LIBRARY = "libc++";
				CLANG_ENABLE_MODULES = YES;
				CLANG_ENABLE_OBJC_ARC = YES;
				CLANG_WARN_BOOL_CONVERSION = YES;
				CLANG_WARN_CONSTANT_CONVERSION = YES;
				CLANG_WARN_DIRECT_OBJC_ISA_USAGE = YES_ERROR;
				CLANG_WARN_EMPTY_BODY = YES;
				CLANG_WARN_ENUM_CONVERSION = YES;
				CLANG_WARN_INT_CONVERSION = YES;
				CLANG_WARN_OBJC_ROOT_CLASS = YES_ERROR;
				CLANG_WARN_UNREACHABLE_CODE = YES;
				CLANG_WARN__DUPLICATE_METHOD_MATCH = YES;
				"CODE_SIGN_IDENTITY[sdk=iphoneos*]" = "iPhone Developer";
				COPY_PHASE_STRIP = NO;
				DEBUG_INFORMATION_FORMAT = dwarf;
				ENABLE_STRICT_OBJC_MSGSEND = YES;
				ENABLE_TESTABILITY = YES;
				GCC_C_LANGUAGE_STANDARD = gnu99;
				GCC_DYNAMIC_NO_PIC = NO;
				GCC_NO_COMMON_BLOCKS = YES;
				GCC_OPTIMIZATION_LEVEL = 0;
				GCC_PREPROCESSOR_DEFINITIONS = (
					"DEBUG=1",
					"$(inherited)",
				);
				GCC_WARN_64_TO_32_BIT_CONVERSION = YES;
				GCC_WARN_ABOUT_RETURN_TYPE = YES_ERROR;
				GCC_WARN_UNDECLARED_SELECTOR = YES;
				GCC_WARN_UNINITIALIZED_AUTOS = YES_AGGRESSIVE;
				GCC_WARN_UNUSED_FUNCTION = YES;
				GCC_WARN_UNUSED_VARIABLE = YES;
				IPHONEOS_DEPLOYMENT_TARGET = 9.3;
				MTL_ENABLE_DEBUG_INFO = YES;
				ONLY_ACTIVE_ARCH = YES;
				SDKROOT = iphoneos;
			};
			name = Debug;
		};
		BCA285B01D225287006344D4 /* Release */ = {
			isa = XCBuildConfiguration;
			buildSettings = {
				ALWAYS_SEARCH_USER_PATHS = NO;
				CLANG_ANALYZER_NONNULL = YES;
				CLANG_CXX_LANGUAGE_STANDARD = "gnu++0x";
				CLANG_CXX_LIBRARY = "libc++";
				CLANG_ENABLE_MODULES = YES;
				CLANG_ENABLE_OBJC_ARC = YES;
				CLANG_WARN_BOOL_CONVERSION = YES;
				CLANG_WARN_CONSTANT_CONVERSION = YES;
				CLANG_WARN_DIRECT_OBJC_ISA_USAGE = YES_ERROR;
				CLANG_WARN_EMPTY_BODY = YES;
				CLANG_WARN_ENUM_CONVERSION = YES;
				CLANG_WARN_INT_CONVERSION = YES;
				CLANG_WARN_OBJC_ROOT_CLASS = YES_ERROR;
				CLANG_WARN_UNREACHABLE_CODE = YES;
				CLANG_WARN__DUPLICATE_METHOD_MATCH = YES;
				"CODE_SIGN_IDENTITY[sdk=iphoneos*]" = "iPhone Developer";
				COPY_PHASE_STRIP = NO;
				DEBUG_INFORMATION_FORMAT = "dwarf-with-dsym";
				ENABLE_NS_ASSERTIONS = NO;
				ENABLE_STRICT_OBJC_MSGSEND = YES;
				GCC_C_LANGUAGE_STANDARD = gnu99;
				GCC_NO_COMMON_BLOCKS = YES;
				GCC_WARN_64_TO_32_BIT_CONVERSION = YES;
				GCC_WARN_ABOUT_RETURN_TYPE = YES_ERROR;
				GCC_WARN_UNDECLARED_SELECTOR = YES;
				GCC_WARN_UNINITIALIZED_AUTOS = YES_AGGRESSIVE;
				GCC_WARN_UNUSED_FUNCTION = YES;
				GCC_WARN_UNUSED_VARIABLE = YES;
				IPHONEOS_DEPLOYMENT_TARGET = 9.3;
				MTL_ENABLE_DEBUG_INFO = NO;
				SDKROOT = iphoneos;
				VALIDATE_PRODUCT = YES;
			};
			name = Release;
		};
		BCA285B21D225287006344D4 /* Debug */ = {
			isa = XCBuildConfiguration;
			buildSettings = {
				ASSETCATALOG_COMPILER_APPICON_NAME = AppIcon;
				INFOPLIST_FILE = NewMap/Info.plist;
				LD_RUNPATH_SEARCH_PATHS = "$(inherited) @executable_path/Frameworks";
				PRODUCT_BUNDLE_IDENTIFIER = com.neusoft.NewMap;
				PRODUCT_NAME = "$(TARGET_NAME)";
			};
			name = Debug;
		};
		BCA285B31D225287006344D4 /* Release */ = {
			isa = XCBuildConfiguration;
			buildSettings = {
				ASSETCATALOG_COMPILER_APPICON_NAME = AppIcon;
				INFOPLIST_FILE = NewMap/Info.plist;
				LD_RUNPATH_SEARCH_PATHS = "$(inherited) @executable_path/Frameworks";
				PRODUCT_BUNDLE_IDENTIFIER = com.neusoft.NewMap;
				PRODUCT_NAME = "$(TARGET_NAME)";
			};
			name = Release;
		};
/* End XCBuildConfiguration section */

/* Begin XCConfigurationList section */
		BCA285951D225286006344D4 /* Build configuration list for PBXProject "NewMap" */ = {
			isa = XCConfigurationList;
			buildConfigurations = (
				BCA285AF1D225287006344D4 /* Debug */,
				BCA285B01D225287006344D4 /* Release */,
			);
			defaultConfigurationIsVisible = 0;
			defaultConfigurationName = Release;
		};
		BCA285B11D225287006344D4 /* Build configuration list for PBXNativeTarget "NewMap" */ = {
			isa = XCConfigurationList;
			buildConfigurations = (
				BCA285B21D225287006344D4 /* Debug */,
				BCA285B31D225287006344D4 /* Release */,
			);
			defaultConfigurationIsVisible = 0;
			defaultConfigurationName = Release;
		};
/* End XCConfigurationList section */
	};
	rootObject = BCA285921D225286006344D4 /* Project object */;
}
